{
  "name": "@crosssoft/document",
  "version": "0.0.1",
  "lockfileVersion": 1,
  "requires": true,
  "dependencies": {
    "@ctrl/tinycolor": {
      "version": "2.6.1",
      "resolved": "https://registry.npmjs.org/@ctrl/tinycolor/-/tinycolor-2.6.1.tgz",
      "integrity": "sha512-xKN3lAA+xbNhP+JX3sLhzA65IGiKqun/Yf9jBlZX7Og0SxlCrrqKxqTd6ccn20fv3Cgcvq6KnjPhnmS+v7uAwQ=="
    },
    "material-colors": {
      "version": "1.2.6",
      "resolved": "https://registry.npmjs.org/material-colors/-/material-colors-1.2.6.tgz",
      "integrity": "sha512-6qE4B9deFBIa9YSpOc9O0Sgc43zTeVYbgDT5veRKSlB2+ZuHNoVVxA1L/ckMUayV9Ay9y7Z/SZCLcGteW9i7bg=="
    },
    "ngx-color": {
      "version": "4.1.1",
      "resolved": "https://registry.npmjs.org/ngx-color/-/ngx-color-4.1.1.tgz",
      "integrity": "sha512-eWqhqc6iW7RmBF4nWRIpOCFJwoDOJm/rrdp8RJpxqcYmiuN3ZXXIcHLXK6ut2+yDb/wkI9bMdTXwC0AAgZcX/Q==",
      "requires": {
        "@ctrl/tinycolor": "^2.6.0",
        "material-colors": "^1.2.6",
        "tslib": "^1.9.0"
      }
    },
    "tslib": {
      "version": "1.11.2",
      "resolved": "https://registry.npmjs.org/tslib/-/tslib-1.11.2.tgz",
      "integrity": "sha512-tTSkux6IGPnUGUd1XAZHcpu85MOkIl5zX49pO+jfsie3eP0B6pyhOlLXm3cAC6T7s+euSDDUUV+Acop5WmtkVg=="
    }
  }
}
